
Microsoft Visual Studio Solution File, Format Version 12.00
# Visual Studio Version 16
VisualStudioVersion = 16.0.31911.196
MinimumVisualStudioVersion = 10.0.40219.1
Project("{FAE04EC0-301F-11D3-BF4B-00C04F79EFBC}") = "WPFbase1_Lesson6", "WPFbase1_Lesson6\WPFbase1_Lesson6.csproj", "{EFB608B7-2EDD-43B0-B6EF-417FA74BEA7F}"
EndProject
Global
	GlobalSection(SolutionConfigurationPlatforms) = preSolution
		Debug|Any CPU = Debug|Any CPU
		Release|Any CPU = Release|Any CPU
	EndGlobalSection
	GlobalSection(ProjectConfigurationPlatforms) = postSolution
		{EFB608B7-2EDD-43B0-B6EF-417FA74BEA7F}.Debug|Any CPU.ActiveCfg = Debug|Any CPU
		{EFB608B7-2EDD-43B0-B6EF-417FA74BEA7F}.Debug|Any CPU.Build.0 = Debug|Any CPU
		{EFB608B7-2EDD-43B0-B6EF-417FA74BEA7F}.Release|Any CPU.ActiveCfg = Release|Any CPU
		{EFB608B7-2EDD-43B0-B6EF-417FA74BEA7F}.Release|Any CPU.Build.0 = Release|Any CPU
	EndGlobalSection
	GlobalSection(SolutionProperties) = preSolution
		HideSolutionNode = FALSE
	EndGlobalSection
	GlobalSection(ExtensibilityGlobals) = postSolution
		SolutionGuid = {4AC16356-EA82-4581-AF74-B394BF7C3637}
	EndGlobalSection
EndGlobal
